
Microsoft Visual Studio Solution File, Format Version 12.00
# Visual Studio 15
Project("{FAE04EC0-301F-11D3-BF4B-00C04F79EFBC}") = "Assembly-CSharp", "Assembly-CSharp.csproj", "{28913BFB-8FD4-FA7E-40FE-ED9EBC7BDAA4}"
EndProject
Project("{FAE04EC0-301F-11D3-BF4B-00C04F79EFBC}") = "Assembly-CSharp-Editor", "Assembly-CSharp-Editor.csproj", "{0BAE8E5F-8F2D-D46B-B292-8A7CF40E008E}"
EndProject
Global
	GlobalSection(SolutionConfigurationPlatforms) = preSolution
		Debug|Any CPU = Debug|Any CPU
		Release|Any CPU = Release|Any CPU
	EndGlobalSection
	GlobalSection(ProjectConfigurationPlatforms) = postSolution
		{28913BFB-8FD4-FA7E-40FE-ED9EBC7BDAA4}.Debug|Any CPU.ActiveCfg = Debug|Any CPU
		{28913BFB-8FD4-FA7E-40FE-ED9EBC7BDAA4}.Debug|Any CPU.Build.0 = Debug|Any CPU
		{28913BFB-8FD4-FA7E-40FE-ED9EBC7BDAA4}.Release|Any CPU.ActiveCfg = Release|Any CPU
		{28913BFB-8FD4-FA7E-40FE-ED9EBC7BDAA4}.Release|Any CPU.Build.0 = Release|Any CPU
		{0BAE8E5F-8F2D-D46B-B292-8A7CF40E008E}.Debug|Any CPU.ActiveCfg = Debug|Any CPU
		{0BAE8E5F-8F2D-D46B-B292-8A7CF40E008E}.Debug|Any CPU.Build.0 = Debug|Any CPU
		{0BAE8E5F-8F2D-D46B-B292-8A7CF40E008E}.Release|Any CPU.ActiveCfg = Release|Any CPU
		{0BAE8E5F-8F2D-D46B-B292-8A7CF40E008E}.Release|Any CPU.Build.0 = Release|Any CPU
	EndGlobalSection
	GlobalSection(SolutionProperties) = preSolution
		HideSolutionNode = FALSE
	EndGlobalSection
EndGlobal
